
Microsoft Visual Studio Solution File, Format Version 12.00
# Visual Studio Version 16
VisualStudioVersion = 16.0.30611.23
MinimumVisualStudioVersion = 10.0.40219.1
Project("{9A19103F-16F7-4668-BE54-9A1E7A4F7556}") = "XDM.Core", "XDM_CoreFx\XDM.Core.csproj", "{DB77273F-205A-4914-8F2B-FF70F4FE2D84}"
EndProject
Project("{9A19103F-16F7-4668-BE54-9A1E7A4F7556}") = "XDM.SystemTests", "XDM_Tests\XDM.SystemTests.csproj", "{6E7D27EC-4AAA-4FEE-A282-4B1D7468615E}"
EndProject
Project("{9A19103F-16F7-4668-BE54-9A1E7A4F7556}") = "MockServer", "MockServer\MockServer.csproj", "{D0078C2D-F66C-46DC-A6FB-6D51CF8A9CDE}"
EndProject
Project("{9A19103F-16F7-4668-BE54-9A1E7A4F7556}") = "XDM.Gtk.UI", "XDM.Gtk.UI\XDM.Gtk.UI.csproj", "{957EEA56-E3B8-48E5-81BB-93A6E59B155C}"
EndProject
Project("{9A19103F-16F7-4668-BE54-9A1E7A4F7556}") = "XDMApp", "XDMApp\XDMApp.csproj", "{4B863C32-76A0-43D6-A878-03EB04AAF1D9}"
EndProject
Project("{9A19103F-16F7-4668-BE54-9A1E7A4F7556}") = "NativeMessagingHost", "NativeMessagingHost\NativeMessagingHost.csproj", "{020E5526-C4D5-4225-A5EE-3F52C207F5CB}"
EndProject
Project("{9A19103F-16F7-4668-BE54-9A1E7A4F7556}") = "BrowserMonitor", "BrowserMonitor\BrowserMonitor.csproj", "{8C969E61-F74D-4DEE-A196-0657F32EFF05}"
EndProject
Project("{9A19103F-16F7-4668-BE54-9A1E7A4F7556}") = "XDM.WinForm.UI", "XDM.WinForm.UI\XDM.WinForm.UI.csproj", "{69709331-F8B5-4256-902C-A9D09240C897}"
EndProject
Project("{9A19103F-16F7-4668-BE54-9A1E7A4F7556}") = "XDM.Common.UI", "XDM.Common.UI\XDM.Common.UI.csproj", "{0FE059DC-F3E9-46E5-8DB4-4B6748ABC86F}"
EndProject
Project("{9A19103F-16F7-4668-BE54-9A1E7A4F7556}") = "MediaParser", "MediaParser.Hls\MediaParser.csproj", "{6851615B-690F-4109-B3CC-5859233C85E9}"
EndProject
Project("{9A19103F-16F7-4668-BE54-9A1E7A4F7556}") = "YDLWrapper", "YoutubeDLHandler\YDLWrapper.csproj", "{2BBDEB4A-CB3D-4C9D-BED2-DB0C78EC858F}"
EndProject
Project("{9A19103F-16F7-4668-BE54-9A1E7A4F7556}") = "CoreFx.Polyfill", "CoreFx.Polyfill\CoreFx.Polyfill.csproj", "{26A20A40-D8CC-43D9-8DAF-65FAE947FBF8}"
EndProject
Project("{9A19103F-16F7-4668-BE54-9A1E7A4F7556}") = "Translations", "Translations\Translations.csproj", "{59F38F42-D77A-4E2B-8C4D-C45898CC6AA8}"
EndProject
Project("{9A19103F-16F7-4668-BE54-9A1E7A4F7556}") = "NetFX.Polyfill", "NetFX.Polyfill\NetFX.Polyfill.csproj", "{F9882AF4-CF6D-450E-A629-739C9FE198EC}"
EndProject
Project("{9A19103F-16F7-4668-BE54-9A1E7A4F7556}") = "TraceLog", "TraceLog\TraceLog.csproj", "{E70CE61B-A589-47EC-8A9C-2BE25D58C6CB}"
EndProject
Project("{9A19103F-16F7-4668-BE54-9A1E7A4F7556}") = "HttpServer", "HttpServer\HttpServer.csproj", "{3D42DD84-90EA-4FA9-9B26-376E643DE5F1}"
EndProject
Project("{9A19103F-16F7-4668-BE54-9A1E7A4F7556}") = "XDM.Wpf.UI", "XDM.Wpf.UI\XDM.Wpf.UI.csproj", "{71AD2923-E0DE-4691-AD8D-279457EC4091}"
EndProject
Global
	GlobalSection(SolutionConfigurationPlatforms) = preSolution
		Debug|Any CPU = Debug|Any CPU
		Debug|x64 = Debug|x64
		Debug|x86 = Debug|x86
		Release|Any CPU = Release|Any CPU
		Release|x64 = Release|x64
		Release|x86 = Release|x86
	EndGlobalSection
	GlobalSection(ProjectConfigurationPlatforms) = postSolution
		{DB77273F-205A-4914-8F2B-FF70F4FE2D84}.Debug|Any CPU.ActiveCfg = Debug|Any CPU
		{DB77273F-205A-4914-8F2B-FF70F4FE2D84}.Debug|Any CPU.Build.0 = Debug|Any CPU
		{DB77273F-205A-4914-8F2B-FF70F4FE2D84}.Debug|x64.ActiveCfg = Debug|x64
		{DB77273F-205A-4914-8F2B-FF70F4FE2D84}.Debug|x64.Build.0 = Debug|x64
		{DB77273F-205A-4914-8F2B-FF70F4FE2D84}.Debug|x86.ActiveCfg = Debug|Any CPU
		{DB77273F-205A-4914-8F2B-FF70F4FE2D84}.Debug|x86.Build.0 = Debug|Any CPU
		{DB77273F-205A-4914-8F2B-FF70F4FE2D84}.Release|Any CPU.ActiveCfg = Release|Any CPU
		{DB77273F-205A-4914-8F2B-FF70F4FE2D84}.Release|Any CPU.Build.0 = Release|Any CPU
		{DB77273F-205A-4914-8F2B-FF70F4FE2D84}.Release|x64.ActiveCfg = Release|x64
		{DB77273F-205A-4914-8F2B-FF70F4FE2D84}.Release|x64.Build.0 = Release|x64
		{DB77273F-205A-4914-8F2B-FF70F4FE2D84}.Release|x86.ActiveCfg = Release|x86
		{DB77273F-205A-4914-8F2B-FF70F4FE2D84}.Release|x86.Build.0 = Release|x86
		{6E7D27EC-4AAA-4FEE-A282-4B1D7468615E}.Debug|Any CPU.ActiveCfg = Debug|x86
		{6E7D27EC-4AAA-4FEE-A282-4B1D7468615E}.Debug|Any CPU.Build.0 = Debug|x86
		{6E7D27EC-4AAA-4FEE-A282-4B1D7468615E}.Debug|x64.ActiveCfg = Debug|x64
		{6E7D27EC-4AAA-4FEE-A282-4B1D7468615E}.Debug|x64.Build.0 = Debug|x64
		{6E7D27EC-4AAA-4FEE-A282-4B1D7468615E}.Debug|x86.ActiveCfg = Debug|Any CPU
		{6E7D27EC-4AAA-4FEE-A282-4B1D7468615E}.Debug|x86.Build.0 = Debug|Any CPU
		{6E7D27EC-4AAA-4FEE-A282-4B1D7468615E}.Release|Any CPU.ActiveCfg = Release|x86
		{6E7D27EC-4AAA-4FEE-A282-4B1D7468615E}.Release|Any CPU.Build.0 = Release|x86
		{6E7D27EC-4AAA-4FEE-A282-4B1D7468615E}.Release|x64.ActiveCfg = Release|x64
		{6E7D27EC-4AAA-4FEE-A282-4B1D7468615E}.Release|x64.Build.0 = Release|x64
		{6E7D27EC-4AAA-4FEE-A282-4B1D7468615E}.Release|x86.ActiveCfg = Release|x86
		{6E7D27EC-4AAA-4FEE-A282-4B1D7468615E}.Release|x86.Build.0 = Release|x86
		{D0078C2D-F66C-46DC-A6FB-6D51CF8A9CDE}.Debug|Any CPU.ActiveCfg = Debug|Any CPU
		{D0078C2D-F66C-46DC-A6FB-6D51CF8A9CDE}.Debug|Any CPU.Build.0 = Debug|Any CPU
		{D0078C2D-F66C-46DC-A6FB-6D51CF8A9CDE}.Debug|x64.ActiveCfg = Debug|x64
		{D0078C2D-F66C-46DC-A6FB-6D51CF8A9CDE}.Debug|x64.Build.0 = Debug|x64
		{D0078C2D-F66C-46DC-A6FB-6D51CF8A9CDE}.Debug|x86.ActiveCfg = Debug|Any CPU
		{D0078C2D-F66C-46DC-A6FB-6D51CF8A9CDE}.Debug|x86.Build.0 = Debug|Any CPU
		{D0078C2D-F66C-46DC-A6FB-6D51CF8A9CDE}.Release|Any CPU.ActiveCfg = Release|Any CPU
		{D0078C2D-F66C-46DC-A6FB-6D51CF8A9CDE}.Release|Any CPU.Build.0 = Release|Any CPU
		{D0078C2D-F66C-46DC-A6FB-6D51CF8A9CDE}.Release|x64.ActiveCfg = Release|x64
		{D0078C2D-F66C-46DC-A6FB-6D51CF8A9CDE}.Release|x64.Build.0 = Release|x64
		{D0078C2D-F66C-46DC-A6FB-6D51CF8A9CDE}.Release|x86.ActiveCfg = Release|x86
		{D0078C2D-F66C-46DC-A6FB-6D51CF8A9CDE}.Release|x86.Build.0 = Release|x86
		{957EEA56-E3B8-48E5-81BB-93A6E59B155C}.Debug|Any CPU.ActiveCfg = Debug|Any CPU
		{957EEA56-E3B8-48E5-81BB-93A6E59B155C}.Debug|Any CPU.Build.0 = Debug|Any CPU
		{957EEA56-E3B8-48E5-81BB-93A6E59B155C}.Debug|x64.ActiveCfg = Debug|x64
		{957EEA56-E3B8-48E5-81BB-93A6E59B155C}.Debug|x64.Build.0 = Debug|x64
		{957EEA56-E3B8-48E5-81BB-93A6E59B155C}.Debug|x86.ActiveCfg = Debug|Any CPU
		{957EEA56-E3B8-48E5-81BB-93A6E59B155C}.Debug|x86.Build.0 = Debug|Any CPU
		{957EEA56-E3B8-48E5-81BB-93A6E59B155C}.Release|Any CPU.ActiveCfg = Release|Any CPU
		{957EEA56-E3B8-48E5-81BB-93A6E59B155C}.Release|Any CPU.Build.0 = Release|Any CPU
		{957EEA56-E3B8-48E5-81BB-93A6E59B155C}.Release|x64.ActiveCfg = Release|x64
		{957EEA56-E3B8-48E5-81BB-93A6E59B155C}.Release|x64.Build.0 = Release|x64
		{957EEA56-E3B8-48E5-81BB-93A6E59B155C}.Release|x86.ActiveCfg = Release|x86
		{957EEA56-E3B8-48E5-81BB-93A6E59B155C}.Release|x86.Build.0 = Release|x86
		{4B863C32-76A0-43D6-A878-03EB04AAF1D9}.Debug|Any CPU.ActiveCfg = Debug|Any CPU
		{4B863C32-76A0-43D6-A878-03EB04AAF1D9}.Debug|Any CPU.Build.0 = Debug|Any CPU
		{4B863C32-76A0-43D6-A878-03EB04AAF1D9}.Debug|x64.ActiveCfg = Debug|x64
		{4B863C32-76A0-43D6-A878-03EB04AAF1D9}.Debug|x64.Build.0 = Debug|x64
		{4B863C32-76A0-43D6-A878-03EB04AAF1D9}.Debug|x86.ActiveCfg = Debug|Any CPU
		{4B863C32-76A0-43D6-A878-03EB04AAF1D9}.Debug|x86.Build.0 = Debug|Any CPU
		{4B863C32-76A0-43D6-A878-03EB04AAF1D9}.Release|Any CPU.ActiveCfg = Release|Any CPU
		{4B863C32-76A0-43D6-A878-03EB04AAF1D9}.Release|Any CPU.Build.0 = Release|Any CPU
		{4B863C32-76A0-43D6-A878-03EB04AAF1D9}.Release|x64.ActiveCfg = Release|x64
		{4B863C32-76A0-43D6-A878-03EB04AAF1D9}.Release|x64.Build.0 = Release|x64
		{4B863C32-76A0-43D6-A878-03EB04AAF1D9}.Release|x86.ActiveCfg = Release|x86
		{4B863C32-76A0-43D6-A878-03EB04AAF1D9}.Release|x86.Build.0 = Release|x86
		{020E5526-C4D5-4225-A5EE-3F52C207F5CB}.Debug|Any CPU.ActiveCfg = Debug|Any CPU
		{020E5526-C4D5-4225-A5EE-3F52C207F5CB}.Debug|Any CPU.Build.0 = Debug|Any CPU
		{020E5526-C4D5-4225-A5EE-3F52C207F5CB}.Debug|x64.ActiveCfg = Debug|x64
		{020E5526-C4D5-4225-A5EE-3F52C207F5CB}.Debug|x64.Build.0 = Debug|x64
		{020E5526-C4D5-4225-A5EE-3F52C207F5CB}.Debug|x86.ActiveCfg = Debug|Any CPU
		{020E5526-C4D5-4225-A5EE-3F52C207F5CB}.Debug|x86.Build.0 = Debug|Any CPU
		{020E5526-C4D5-4225-A5EE-3F52C207F5CB}.Release|Any CPU.ActiveCfg = Release|Any CPU
		{020E5526-C4D5-4225-A5EE-3F52C207F5CB}.Release|Any CPU.Build.0 = Release|Any CPU
		{020E5526-C4D5-4225-A5EE-3F52C207F5CB}.Release|x64.ActiveCfg = Release|x64
		{020E5526-C4D5-4225-A5EE-3F52C207F5CB}.Release|x64.Build.0 = Release|x64
		{020E5526-C4D5-4225-A5EE-3F52C207F5CB}.Release|x86.ActiveCfg = Release|x86
		{020E5526-C4D5-4225-A5EE-3F52C207F5CB}.Release|x86.Build.0 = Release|x86
		{8C969E61-F74D-4DEE-A196-0657F32EFF05}.Debug|Any CPU.ActiveCfg = Debug|Any CPU
		{8C969E61-F74D-4DEE-A196-0657F32EFF05}.Debug|Any CPU.Build.0 = Debug|Any CPU
		{8C969E61-F74D-4DEE-A196-0657F32EFF05}.Debug|x64.ActiveCfg = Debug|Any CPU
		{8C969E61-F74D-4DEE-A196-0657F32EFF05}.Debug|x64.Build.0 = Debug|Any CPU
		{8C969E61-F74D-4DEE-A196-0657F32EFF05}.Debug|x86.ActiveCfg = Debug|Any CPU
		{8C969E61-F74D-4DEE-A196-0657F32EFF05}.Debug|x86.Build.0 = Debug|Any CPU
		{8C969E61-F74D-4DEE-A196-0657F32EFF05}.Release|Any CPU.ActiveCfg = Release|Any CPU
		{8C969E61-F74D-4DEE-A196-0657F32EFF05}.Release|Any CPU.Build.0 = Release|Any CPU
		{8C969E61-F74D-4DEE-A196-0657F32EFF05}.Release|x64.ActiveCfg = Release|x64
		{8C969E61-F74D-4DEE-A196-0657F32EFF05}.Release|x64.Build.0 = Release|x64
		{8C969E61-F74D-4DEE-A196-0657F32EFF05}.Release|x86.ActiveCfg = Release|x86
		{8C969E61-F74D-4DEE-A196-0657F32EFF05}.Release|x86.Build.0 = Release|x86
		{69709331-F8B5-4256-902C-A9D09240C897}.Debug|Any CPU.ActiveCfg = Debug|x86
		{69709331-F8B5-4256-902C-A9D09240C897}.Debug|Any CPU.Build.0 = Debug|x86
		{69709331-F8B5-4256-902C-A9D09240C897}.Debug|x64.ActiveCfg = Debug|x64
		{69709331-F8B5-4256-902C-A9D09240C897}.Debug|x64.Build.0 = Debug|x64
		{69709331-F8B5-4256-902C-A9D09240C897}.Debug|x86.ActiveCfg = Debug|x86
		{69709331-F8B5-4256-902C-A9D09240C897}.Debug|x86.Build.0 = Debug|x86
		{69709331-F8B5-4256-902C-A9D09240C897}.Release|Any CPU.ActiveCfg = Release|x86
		{69709331-F8B5-4256-902C-A9D09240C897}.Release|Any CPU.Build.0 = Release|x86
		{69709331-F8B5-4256-902C-A9D09240C897}.Release|x64.ActiveCfg = Release|x64
		{69709331-F8B5-4256-902C-A9D09240C897}.Release|x64.Build.0 = Release|x64
		{69709331-F8B5-4256-902C-A9D09240C897}.Release|x86.ActiveCfg = Release|x86
		{69709331-F8B5-4256-902C-A9D09240C897}.Release|x86.Build.0 = Release|x86
		{0FE059DC-F3E9-46E5-8DB4-4B6748ABC86F}.Debug|Any CPU.ActiveCfg = Debug|Any CPU
		{0FE059DC-F3E9-46E5-8DB4-4B6748ABC86F}.Debug|Any CPU.Build.0 = Debug|Any CPU
		{0FE059DC-F3E9-46E5-8DB4-4B6748ABC86F}.Debug|x64.ActiveCfg = Debug|x64
		{0FE059DC-F3E9-46E5-8DB4-4B6748ABC86F}.Debug|x64.Build.0 = Debug|x64
		{0FE059DC-F3E9-46E5-8DB4-4B6748ABC86F}.Debug|x86.ActiveCfg = Debug|Any CPU
		{0FE059DC-F3E9-46E5-8DB4-4B6748ABC86F}.Debug|x86.Build.0 = Debug|Any CPU
		{0FE059DC-F3E9-46E5-8DB4-4B6748ABC86F}.Release|Any CPU.ActiveCfg = Release|Any CPU
		{0FE059DC-F3E9-46E5-8DB4-4B6748ABC86F}.Release|Any CPU.Build.0 = Release|Any CPU
		{0FE059DC-F3E9-46E5-8DB4-4B6748ABC86F}.Release|x64.ActiveCfg = Release|x64
		{0FE059DC-F3E9-46E5-8DB4-4B6748ABC86F}.Release|x64.Build.0 = Release|x64
		{0FE059DC-F3E9-46E5-8DB4-4B6748ABC86F}.Release|x86.ActiveCfg = Release|x86
		{0FE059DC-F3E9-46E5-8DB4-4B6748ABC86F}.Release|x86.Build.0 = Release|x86
		{6851615B-690F-4109-B3CC-5859233C85E9}.Debug|Any CPU.ActiveCfg = Debug|Any CPU
		{6851615B-690F-4109-B3CC-5859233C85E9}.Debug|Any CPU.Build.0 = Debug|Any CPU
		{6851615B-690F-4109-B3CC-5859233C85E9}.Debug|x64.ActiveCfg = Debug|x64
		{6851615B-690F-4109-B3CC-5859233C85E9}.Debug|x64.Build.0 = Debug|x64
		{6851615B-690F-4109-B3CC-5859233C85E9}.Debug|x86.ActiveCfg = Debug|Any CPU
		{6851615B-690F-4109-B3CC-5859233C85E9}.Debug|x86.Build.0 = Debug|Any CPU
		{6851615B-690F-4109-B3CC-5859233C85E9}.Release|Any CPU.ActiveCfg = Release|Any CPU
		{6851615B-690F-4109-B3CC-5859233C85E9}.Release|Any CPU.Build.0 = Release|Any CPU
		{6851615B-690F-4109-B3CC-5859233C85E9}.Release|x64.ActiveCfg = Release|x64
		{6851615B-690F-4109-B3CC-5859233C85E9}.Release|x64.Build.0 = Release|x64
		{6851615B-690F-4109-B3CC-5859233C85E9}.Release|x86.ActiveCfg = Release|x86
		{6851615B-690F-4109-B3CC-5859233C85E9}.Release|x86.Build.0 = Release|x86
		{2BBDEB4A-CB3D-4C9D-BED2-DB0C78EC858F}.Debug|Any CPU.ActiveCfg = Debug|Any CPU
		{2BBDEB4A-CB3D-4C9D-BED2-DB0C78EC858F}.Debug|Any CPU.Build.0 = Debug|Any CPU
		{2BBDEB4A-CB3D-4C9D-BED2-DB0C78EC858F}.Debug|x64.ActiveCfg = Debug|x64
		{2BBDEB4A-CB3D-4C9D-BED2-DB0C78EC858F}.Debug|x64.Build.0 = Debug|x64
		{2BBDEB4A-CB3D-4C9D-BED2-DB0C78EC858F}.Debug|x86.ActiveCfg = Debug|Any CPU
		{2BBDEB4A-CB3D-4C9D-BED2-DB0C78EC858F}.Debug|x86.Build.0 = Debug|Any CPU
		{2BBDEB4A-CB3D-4C9D-BED2-DB0C78EC858F}.Release|Any CPU.ActiveCfg = Release|Any CPU
		{2BBDEB4A-CB3D-4C9D-BED2-DB0C78EC858F}.Release|Any CPU.Build.0 = Release|Any CPU
		{2BBDEB4A-CB3D-4C9D-BED2-DB0C78EC858F}.Release|x64.ActiveCfg = Release|x64
		{2BBDEB4A-CB3D-4C9D-BED2-DB0C78EC858F}.Release|x64.Build.0 = Release|x64
		{2BBDEB4A-CB3D-4C9D-BED2-DB0C78EC858F}.Release|x86.ActiveCfg = Release|x86
		{2BBDEB4A-CB3D-4C9D-BED2-DB0C78EC858F}.Release|x86.Build.0 = Release|x86
		{26A20A40-D8CC-43D9-8DAF-65FAE947FBF8}.Debug|Any CPU.ActiveCfg = Debug|Any CPU
		{26A20A40-D8CC-43D9-8DAF-65FAE947FBF8}.Debug|Any CPU.Build.0 = Debug|Any CPU
		{26A20A40-D8CC-43D9-8DAF-65FAE947FBF8}.Debug|x64.ActiveCfg = Debug|x64
		{26A20A40-D8CC-43D9-8DAF-65FAE947FBF8}.Debug|x64.Build.0 = Debug|x64
		{26A20A40-D8CC-43D9-8DAF-65FAE947FBF8}.Debug|x86.ActiveCfg = Debug|Any CPU
		{26A20A40-D8CC-43D9-8DAF-65FAE947FBF8}.Debug|x86.Build.0 = Debug|Any CPU
		{26A20A40-D8CC-43D9-8DAF-65FAE947FBF8}.Release|Any CPU.ActiveCfg = Release|Any CPU
		{26A20A40-D8CC-43D9-8DAF-65FAE947FBF8}.Release|Any CPU.Build.0 = Release|Any CPU
		{26A20A40-D8CC-43D9-8DAF-65FAE947FBF8}.Release|x64.ActiveCfg = Release|x64
		{26A20A40-D8CC-43D9-8DAF-65FAE947FBF8}.Release|x64.Build.0 = Release|x64
		{26A20A40-D8CC-43D9-8DAF-65FAE947FBF8}.Release|x86.ActiveCfg = Release|x86
		{26A20A40-D8CC-43D9-8DAF-65FAE947FBF8}.Release|x86.Build.0 = Release|x86
		{59F38F42-D77A-4E2B-8C4D-C45898CC6AA8}.Debug|Any CPU.ActiveCfg = Debug|Any CPU
		{59F38F42-D77A-4E2B-8C4D-C45898CC6AA8}.Debug|Any CPU.Build.0 = Debug|Any CPU
		{59F38F42-D77A-4E2B-8C4D-C45898CC6AA8}.Debug|x64.ActiveCfg = Debug|x64
		{59F38F42-D77A-4E2B-8C4D-C45898CC6AA8}.Debug|x64.Build.0 = Debug|x64
		{59F38F42-D77A-4E2B-8C4D-C45898CC6AA8}.Debug|x86.ActiveCfg = Debug|Any CPU
		{59F38F42-D77A-4E2B-8C4D-C45898CC6AA8}.Debug|x86.Build.0 = Debug|Any CPU
		{59F38F42-D77A-4E2B-8C4D-C45898CC6AA8}.Release|Any CPU.ActiveCfg = Release|Any CPU
		{59F38F42-D77A-4E2B-8C4D-C45898CC6AA8}.Release|Any CPU.Build.0 = Release|Any CPU
		{59F38F42-D77A-4E2B-8C4D-C45898CC6AA8}.Release|x64.ActiveCfg = Release|x64
		{59F38F42-D77A-4E2B-8C4D-C45898CC6AA8}.Release|x64.Build.0 = Release|x64
		{59F38F42-D77A-4E2B-8C4D-C45898CC6AA8}.Release|x86.ActiveCfg = Release|x86
		{59F38F42-D77A-4E2B-8C4D-C45898CC6AA8}.Release|x86.Build.0 = Release|x86
		{F9882AF4-CF6D-450E-A629-739C9FE198EC}.Debug|Any CPU.ActiveCfg = Debug|Any CPU
		{F9882AF4-CF6D-450E-A629-739C9FE198EC}.Debug|Any CPU.Build.0 = Debug|Any CPU
		{F9882AF4-CF6D-450E-A629-739C9FE198EC}.Debug|x64.ActiveCfg = Debug|x64
		{F9882AF4-CF6D-450E-A629-739C9FE198EC}.Debug|x64.Build.0 = Debug|x64
		{F9882AF4-CF6D-450E-A629-739C9FE198EC}.Debug|x86.ActiveCfg = Debug|Any CPU
		{F9882AF4-CF6D-450E-A629-739C9FE198EC}.Debug|x86.Build.0 = Debug|Any CPU
		{F9882AF4-CF6D-450E-A629-739C9FE198EC}.Release|Any CPU.ActiveCfg = Release|Any CPU
		{F9882AF4-CF6D-450E-A629-739C9FE198EC}.Release|Any CPU.Build.0 = Release|Any CPU
		{F9882AF4-CF6D-450E-A629-739C9FE198EC}.Release|x64.ActiveCfg = Release|x64
		{F9882AF4-CF6D-450E-A629-739C9FE198EC}.Release|x64.Build.0 = Release|x64
		{F9882AF4-CF6D-450E-A629-739C9FE198EC}.Release|x86.ActiveCfg = Release|x86
		{F9882AF4-CF6D-450E-A629-739C9FE198EC}.Release|x86.Build.0 = Release|x86
		{E70CE61B-A589-47EC-8A9C-2BE25D58C6CB}.Debug|Any CPU.ActiveCfg = Debug|Any CPU
		{E70CE61B-A589-47EC-8A9C-2BE25D58C6CB}.Debug|Any CPU.Build.0 = Debug|Any CPU
		{E70CE61B-A589-47EC-8A9C-2BE25D58C6CB}.Debug|x64.ActiveCfg = Debug|x64
		{E70CE61B-A589-47EC-8A9C-2BE25D58C6CB}.Debug|x64.Build.0 = Debug|x64
		{E70CE61B-A589-47EC-8A9C-2BE25D58C6CB}.Debug|x86.ActiveCfg = Debug|Any CPU
		{E70CE61B-A589-47EC-8A9C-2BE25D58C6CB}.Debug|x86.Build.0 = Debug|Any CPU
		{E70CE61B-A589-47EC-8A9C-2BE25D58C6CB}.Release|Any CPU.ActiveCfg = Release|Any CPU
		{E70CE61B-A589-47EC-8A9C-2BE25D58C6CB}.Release|Any CPU.Build.0 = Release|Any CPU
		{E70CE61B-A589-47EC-8A9C-2BE25D58C6CB}.Release|x64.ActiveCfg = Release|x64
		{E70CE61B-A589-47EC-8A9C-2BE25D58C6CB}.Release|x64.Build.0 = Release|x64
		{E70CE61B-A589-47EC-8A9C-2BE25D58C6CB}.Release|x86.ActiveCfg = Release|x86
		{E70CE61B-A589-47EC-8A9C-2BE25D58C6CB}.Release|x86.Build.0 = Release|x86
		{3D42DD84-90EA-4FA9-9B26-376E643DE5F1}.Debug|Any CPU.ActiveCfg = Debug|Any CPU
		{3D42DD84-90EA-4FA9-9B26-376E643DE5F1}.Debug|Any CPU.Build.0 = Debug|Any CPU
		{3D42DD84-90EA-4FA9-9B26-376E643DE5F1}.Debug|x64.ActiveCfg = Debug|x64
		{3D42DD84-90EA-4FA9-9B26-376E643DE5F1}.Debug|x64.Build.0 = Debug|x64
		{3D42DD84-90EA-4FA9-9B26-376E643DE5F1}.Debug|x86.ActiveCfg = Debug|Any CPU
		{3D42DD84-90EA-4FA9-9B26-376E643DE5F1}.Debug|x86.Build.0 = Debug|Any CPU
		{3D42DD84-90EA-4FA9-9B26-376E643DE5F1}.Release|Any CPU.ActiveCfg = Release|Any CPU
		{3D42DD84-90EA-4FA9-9B26-376E643DE5F1}.Release|Any CPU.Build.0 = Release|Any CPU
		{3D42DD84-90EA-4FA9-9B26-376E643DE5F1}.Release|x64.ActiveCfg = Release|x64
		{3D42DD84-90EA-4FA9-9B26-376E643DE5F1}.Release|x64.Build.0 = Release|x64
		{3D42DD84-90EA-4FA9-9B26-376E643DE5F1}.Release|x86.ActiveCfg = Release|x86
		{3D42DD84-90EA-4FA9-9B26-376E643DE5F1}.Release|x86.Build.0 = Release|x86
		{71AD2923-E0DE-4691-AD8D-279457EC4091}.Debug|Any CPU.ActiveCfg = Debug|x86
		{71AD2923-E0DE-4691-AD8D-279457EC4091}.Debug|Any CPU.Build.0 = Debug|x86
		{71AD2923-E0DE-4691-AD8D-279457EC4091}.Debug|x64.ActiveCfg = Debug|x64
		{71AD2923-E0DE-4691-AD8D-279457EC4091}.Debug|x64.Build.0 = Debug|x64
		{71AD2923-E0DE-4691-AD8D-279457EC4091}.Debug|x86.ActiveCfg = Debug|x86
		{71AD2923-E0DE-4691-AD8D-279457EC4091}.Debug|x86.Build.0 = Debug|x86
		{71AD2923-E0DE-4691-AD8D-279457EC4091}.Release|Any CPU.ActiveCfg = Release|Any CPU
		{71AD2923-E0DE-4691-AD8D-279457EC4091}.Release|Any CPU.Build.0 = Release|Any CPU
		{71AD2923-E0DE-4691-AD8D-279457EC4091}.Release|x64.ActiveCfg = Release|x64
		{71AD2923-E0DE-4691-AD8D-279457EC4091}.Release|x64.Build.0 = Release|x64
		{71AD2923-E0DE-4691-AD8D-279457EC4091}.Release|x86.ActiveCfg = Release|x86
		{71AD2923-E0DE-4691-AD8D-279457EC4091}.Release|x86.Build.0 = Release|x86
	EndGlobalSection
	GlobalSection(SolutionProperties) = preSolution
		HideSolutionNode = FALSE
	EndGlobalSection
	GlobalSection(ExtensibilityGlobals) = postSolution
		SolutionGuid = {ED947B09-5FB9-4418-81A8-F38429C63D59}
	EndGlobalSection
EndGlobal
