
Microsoft Visual Studio Solution File, Format Version 12.00
# Visual Studio Version 16
VisualStudioVersion = 16.0.30611.23
MinimumVisualStudioVersion = 10.0.40219.1
Project("{9A19103F-16F7-4668-BE54-9A1E7A4F7556}") = "XDM.SystemTests", "XDM_Tests\XDM.SystemTests.csproj", "{6E7D27EC-4AAA-4FEE-A282-4B1D7468615E}"
EndProject
Project("{9A19103F-16F7-4668-BE54-9A1E7A4F7556}") = "MockServer", "MockServer\MockServer.csproj", "{D0078C2D-F66C-46DC-A6FB-6D51CF8A9CDE}"
EndProject
Project("{9A19103F-16F7-4668-BE54-9A1E7A4F7556}") = "XDM.Gtk.UI", "XDM.Gtk.UI\XDM.Gtk.UI.csproj", "{957EEA56-E3B8-48E5-81BB-93A6E59B155C}"
EndProject
Project("{9A19103F-16F7-4668-BE54-9A1E7A4F7556}") = "XDM.Wpf.UI", "XDM.Wpf.UI\XDM.Wpf.UI.csproj", "{71AD2923-E0DE-4691-AD8D-279457EC4091}"
EndProject
Project("{2150E333-8FDC-42A3-9474-1A3956D46DE8}") = "Solution Items", "Solution Items", "{111CBD00-4D30-4216-9F92-42F8AB546E4B}"
	ProjectSection(SolutionItems) = preProject
		.editorconfig = .editorconfig
	EndProjectSection
EndProject
Project("{D954291E-2A0B-460D-934E-DC6B0785DB48}") = "XDM.Core", "XDM.Core\XDM.Core.shproj", "{5BBEA202-65D2-481A-B457-6D8FCC8970D7}"
EndProject
Project("{9A19103F-16F7-4668-BE54-9A1E7A4F7556}") = "XDM.Tests", "XDM.Tests\XDM.Tests.csproj", "{559A3ABB-6A04-4169-A605-8C068EF77DB7}"
EndProject
Project("{D954291E-2A0B-460D-934E-DC6B0785DB48}") = "XDM.Messaging", "XDM.Messaging\XDM.Messaging.shproj", "{417407F5-8DBA-474E-8AB7-66F2CC33B777}"
EndProject
Project("{D954291E-2A0B-460D-934E-DC6B0785DB48}") = "XDM.Compatibility", "XDM.Compatibility\XDM.Compatibility.shproj", "{6BFFA6BC-BF01-450E-96B7-9A1D3DCC2333}"
EndProject
Project("{C7167F0D-BC9F-4E6E-AFE1-012C56B48DB5}") = "MsixPackaging", "MsixPackaging\MsixPackaging.wapproj", "{7F621DF8-7E16-4E7B-B2FE-710D6BF07B21}"
EndProject
Project("{FAE04EC0-301F-11D3-BF4B-00C04F79EFBC}") = "XDM.Msix.AutoLaunch", "XDM.Msix.AutoLaunch\XDM.Msix.AutoLaunch.csproj", "{ACD06DE6-29E8-4955-8620-5D5D7AF4F05F}"
EndProject
Global
	GlobalSection(SharedMSBuildProjectFiles) = preSolution
		XDM.Messaging\XDM.Messaging.projitems*{417407f5-8dba-474e-8ab7-66f2cc33b777}*SharedItemsImports = 13
		XDM.Core\XDM.Core.projitems*{5bbea202-65d2-481a-b457-6d8fcc8970d7}*SharedItemsImports = 13
		XDM.Compatibility\XDM.Compatibility.projitems*{6bffa6bc-bf01-450e-96b7-9a1d3dcc2333}*SharedItemsImports = 13
		XDM.Compatibility\XDM.Compatibility.projitems*{71ad2923-e0de-4691-ad8d-279457ec4091}*SharedItemsImports = 5
		XDM.Core\XDM.Core.projitems*{71ad2923-e0de-4691-ad8d-279457ec4091}*SharedItemsImports = 5
		XDM.Messaging\XDM.Messaging.projitems*{71ad2923-e0de-4691-ad8d-279457ec4091}*SharedItemsImports = 5
		XDM.Compatibility\XDM.Compatibility.projitems*{957eea56-e3b8-48e5-81bb-93a6e59b155c}*SharedItemsImports = 5
		XDM.Core\XDM.Core.projitems*{957eea56-e3b8-48e5-81bb-93a6e59b155c}*SharedItemsImports = 5
		XDM.Messaging\XDM.Messaging.projitems*{957eea56-e3b8-48e5-81bb-93a6e59b155c}*SharedItemsImports = 5
	EndGlobalSection
	GlobalSection(SolutionConfigurationPlatforms) = preSolution
		Debug|Any CPU = Debug|Any CPU
		Debug|ARM = Debug|ARM
		Debug|ARM64 = Debug|ARM64
		Debug|x64 = Debug|x64
		Debug|x86 = Debug|x86
		Release|Any CPU = Release|Any CPU
		Release|ARM = Release|ARM
		Release|ARM64 = Release|ARM64
		Release|x64 = Release|x64
		Release|x86 = Release|x86
	EndGlobalSection
	GlobalSection(ProjectConfigurationPlatforms) = postSolution
		{6E7D27EC-4AAA-4FEE-A282-4B1D7468615E}.Debug|Any CPU.ActiveCfg = Debug|x86
		{6E7D27EC-4AAA-4FEE-A282-4B1D7468615E}.Debug|Any CPU.Build.0 = Debug|x86
		{6E7D27EC-4AAA-4FEE-A282-4B1D7468615E}.Debug|ARM.ActiveCfg = Debug|Any CPU
		{6E7D27EC-4AAA-4FEE-A282-4B1D7468615E}.Debug|ARM64.ActiveCfg = Debug|Any CPU
		{6E7D27EC-4AAA-4FEE-A282-4B1D7468615E}.Debug|x64.ActiveCfg = Debug|x64
		{6E7D27EC-4AAA-4FEE-A282-4B1D7468615E}.Debug|x64.Build.0 = Debug|x64
		{6E7D27EC-4AAA-4FEE-A282-4B1D7468615E}.Debug|x86.ActiveCfg = Debug|Any CPU
		{6E7D27EC-4AAA-4FEE-A282-4B1D7468615E}.Debug|x86.Build.0 = Debug|Any CPU
		{6E7D27EC-4AAA-4FEE-A282-4B1D7468615E}.Release|Any CPU.ActiveCfg = Release|x86
		{6E7D27EC-4AAA-4FEE-A282-4B1D7468615E}.Release|Any CPU.Build.0 = Release|x86
		{6E7D27EC-4AAA-4FEE-A282-4B1D7468615E}.Release|ARM.ActiveCfg = Release|x86
		{6E7D27EC-4AAA-4FEE-A282-4B1D7468615E}.Release|ARM64.ActiveCfg = Release|x86
		{6E7D27EC-4AAA-4FEE-A282-4B1D7468615E}.Release|x64.ActiveCfg = Release|x64
		{6E7D27EC-4AAA-4FEE-A282-4B1D7468615E}.Release|x64.Build.0 = Release|x64
		{6E7D27EC-4AAA-4FEE-A282-4B1D7468615E}.Release|x86.ActiveCfg = Release|x86
		{6E7D27EC-4AAA-4FEE-A282-4B1D7468615E}.Release|x86.Build.0 = Release|x86
		{D0078C2D-F66C-46DC-A6FB-6D51CF8A9CDE}.Debug|Any CPU.ActiveCfg = Debug|Any CPU
		{D0078C2D-F66C-46DC-A6FB-6D51CF8A9CDE}.Debug|Any CPU.Build.0 = Debug|Any CPU
		{D0078C2D-F66C-46DC-A6FB-6D51CF8A9CDE}.Debug|ARM.ActiveCfg = Debug|Any CPU
		{D0078C2D-F66C-46DC-A6FB-6D51CF8A9CDE}.Debug|ARM.Build.0 = Debug|Any CPU
		{D0078C2D-F66C-46DC-A6FB-6D51CF8A9CDE}.Debug|ARM64.ActiveCfg = Debug|Any CPU
		{D0078C2D-F66C-46DC-A6FB-6D51CF8A9CDE}.Debug|ARM64.Build.0 = Debug|Any CPU
		{D0078C2D-F66C-46DC-A6FB-6D51CF8A9CDE}.Debug|x64.ActiveCfg = Debug|x64
		{D0078C2D-F66C-46DC-A6FB-6D51CF8A9CDE}.Debug|x64.Build.0 = Debug|x64
		{D0078C2D-F66C-46DC-A6FB-6D51CF8A9CDE}.Debug|x86.ActiveCfg = Debug|Any CPU
		{D0078C2D-F66C-46DC-A6FB-6D51CF8A9CDE}.Debug|x86.Build.0 = Debug|Any CPU
		{D0078C2D-F66C-46DC-A6FB-6D51CF8A9CDE}.Release|Any CPU.ActiveCfg = Release|Any CPU
		{D0078C2D-F66C-46DC-A6FB-6D51CF8A9CDE}.Release|Any CPU.Build.0 = Release|Any CPU
		{D0078C2D-F66C-46DC-A6FB-6D51CF8A9CDE}.Release|ARM.ActiveCfg = Release|Any CPU
		{D0078C2D-F66C-46DC-A6FB-6D51CF8A9CDE}.Release|ARM.Build.0 = Release|Any CPU
		{D0078C2D-F66C-46DC-A6FB-6D51CF8A9CDE}.Release|ARM64.ActiveCfg = Release|Any CPU
		{D0078C2D-F66C-46DC-A6FB-6D51CF8A9CDE}.Release|ARM64.Build.0 = Release|Any CPU
		{D0078C2D-F66C-46DC-A6FB-6D51CF8A9CDE}.Release|x64.ActiveCfg = Release|x64
		{D0078C2D-F66C-46DC-A6FB-6D51CF8A9CDE}.Release|x64.Build.0 = Release|x64
		{D0078C2D-F66C-46DC-A6FB-6D51CF8A9CDE}.Release|x86.ActiveCfg = Release|x86
		{D0078C2D-F66C-46DC-A6FB-6D51CF8A9CDE}.Release|x86.Build.0 = Release|x86
		{957EEA56-E3B8-48E5-81BB-93A6E59B155C}.Debug|Any CPU.ActiveCfg = Debug|x64
		{957EEA56-E3B8-48E5-81BB-93A6E59B155C}.Debug|Any CPU.Build.0 = Debug|x64
		{957EEA56-E3B8-48E5-81BB-93A6E59B155C}.Debug|ARM.ActiveCfg = Debug|x64
		{957EEA56-E3B8-48E5-81BB-93A6E59B155C}.Debug|ARM64.ActiveCfg = Debug|x64
		{957EEA56-E3B8-48E5-81BB-93A6E59B155C}.Debug|x64.ActiveCfg = Debug|x64
		{957EEA56-E3B8-48E5-81BB-93A6E59B155C}.Debug|x64.Build.0 = Debug|x64
		{957EEA56-E3B8-48E5-81BB-93A6E59B155C}.Debug|x86.ActiveCfg = Debug|x64
		{957EEA56-E3B8-48E5-81BB-93A6E59B155C}.Debug|x86.Build.0 = Debug|x64
		{957EEA56-E3B8-48E5-81BB-93A6E59B155C}.Release|Any CPU.ActiveCfg = Release|Any CPU
		{957EEA56-E3B8-48E5-81BB-93A6E59B155C}.Release|Any CPU.Build.0 = Release|Any CPU
		{957EEA56-E3B8-48E5-81BB-93A6E59B155C}.Release|ARM.ActiveCfg = Release|Any CPU
		{957EEA56-E3B8-48E5-81BB-93A6E59B155C}.Release|ARM.Build.0 = Release|Any CPU
		{957EEA56-E3B8-48E5-81BB-93A6E59B155C}.Release|ARM64.ActiveCfg = Release|Any CPU
		{957EEA56-E3B8-48E5-81BB-93A6E59B155C}.Release|ARM64.Build.0 = Release|Any CPU
		{957EEA56-E3B8-48E5-81BB-93A6E59B155C}.Release|x64.ActiveCfg = Release|x64
		{957EEA56-E3B8-48E5-81BB-93A6E59B155C}.Release|x64.Build.0 = Release|x64
		{957EEA56-E3B8-48E5-81BB-93A6E59B155C}.Release|x86.ActiveCfg = Release|x64
		{957EEA56-E3B8-48E5-81BB-93A6E59B155C}.Release|x86.Build.0 = Release|x64
		{71AD2923-E0DE-4691-AD8D-279457EC4091}.Debug|Any CPU.ActiveCfg = Debug|x86
		{71AD2923-E0DE-4691-AD8D-279457EC4091}.Debug|Any CPU.Build.0 = Debug|x86
		{71AD2923-E0DE-4691-AD8D-279457EC4091}.Debug|ARM.ActiveCfg = Debug|x86
		{71AD2923-E0DE-4691-AD8D-279457EC4091}.Debug|ARM64.ActiveCfg = Debug|x86
		{71AD2923-E0DE-4691-AD8D-279457EC4091}.Debug|x64.ActiveCfg = Debug|x86
		{71AD2923-E0DE-4691-AD8D-279457EC4091}.Debug|x64.Build.0 = Debug|x86
		{71AD2923-E0DE-4691-AD8D-279457EC4091}.Debug|x86.ActiveCfg = Debug|x86
		{71AD2923-E0DE-4691-AD8D-279457EC4091}.Debug|x86.Build.0 = Debug|x86
		{71AD2923-E0DE-4691-AD8D-279457EC4091}.Release|Any CPU.ActiveCfg = Release|Any CPU
		{71AD2923-E0DE-4691-AD8D-279457EC4091}.Release|Any CPU.Build.0 = Release|Any CPU
		{71AD2923-E0DE-4691-AD8D-279457EC4091}.Release|ARM.ActiveCfg = Release|Any CPU
		{71AD2923-E0DE-4691-AD8D-279457EC4091}.Release|ARM.Build.0 = Release|Any CPU
		{71AD2923-E0DE-4691-AD8D-279457EC4091}.Release|ARM64.ActiveCfg = Release|Any CPU
		{71AD2923-E0DE-4691-AD8D-279457EC4091}.Release|ARM64.Build.0 = Release|Any CPU
		{71AD2923-E0DE-4691-AD8D-279457EC4091}.Release|x64.ActiveCfg = Release|x64
		{71AD2923-E0DE-4691-AD8D-279457EC4091}.Release|x64.Build.0 = Release|x64
		{71AD2923-E0DE-4691-AD8D-279457EC4091}.Release|x86.ActiveCfg = Release|x86
		{71AD2923-E0DE-4691-AD8D-279457EC4091}.Release|x86.Build.0 = Release|x86
		{559A3ABB-6A04-4169-A605-8C068EF77DB7}.Debug|Any CPU.ActiveCfg = Debug|Any CPU
		{559A3ABB-6A04-4169-A605-8C068EF77DB7}.Debug|Any CPU.Build.0 = Debug|Any CPU
		{559A3ABB-6A04-4169-A605-8C068EF77DB7}.Debug|ARM.ActiveCfg = Debug|Any CPU
		{559A3ABB-6A04-4169-A605-8C068EF77DB7}.Debug|ARM64.ActiveCfg = Debug|Any CPU
		{559A3ABB-6A04-4169-A605-8C068EF77DB7}.Debug|x64.ActiveCfg = Debug|Any CPU
		{559A3ABB-6A04-4169-A605-8C068EF77DB7}.Debug|x64.Build.0 = Debug|Any CPU
		{559A3ABB-6A04-4169-A605-8C068EF77DB7}.Debug|x86.ActiveCfg = Debug|Any CPU
		{559A3ABB-6A04-4169-A605-8C068EF77DB7}.Debug|x86.Build.0 = Debug|Any CPU
		{559A3ABB-6A04-4169-A605-8C068EF77DB7}.Release|Any CPU.ActiveCfg = Release|Any CPU
		{559A3ABB-6A04-4169-A605-8C068EF77DB7}.Release|Any CPU.Build.0 = Release|Any CPU
		{559A3ABB-6A04-4169-A605-8C068EF77DB7}.Release|ARM.ActiveCfg = Release|Any CPU
		{559A3ABB-6A04-4169-A605-8C068EF77DB7}.Release|ARM64.ActiveCfg = Release|Any CPU
		{559A3ABB-6A04-4169-A605-8C068EF77DB7}.Release|x64.ActiveCfg = Release|Any CPU
		{559A3ABB-6A04-4169-A605-8C068EF77DB7}.Release|x64.Build.0 = Release|Any CPU
		{559A3ABB-6A04-4169-A605-8C068EF77DB7}.Release|x86.ActiveCfg = Release|Any CPU
		{559A3ABB-6A04-4169-A605-8C068EF77DB7}.Release|x86.Build.0 = Release|Any CPU
		{7F621DF8-7E16-4E7B-B2FE-710D6BF07B21}.Debug|Any CPU.ActiveCfg = Debug|Any CPU
		{7F621DF8-7E16-4E7B-B2FE-710D6BF07B21}.Debug|Any CPU.Build.0 = Debug|Any CPU
		{7F621DF8-7E16-4E7B-B2FE-710D6BF07B21}.Debug|Any CPU.Deploy.0 = Debug|Any CPU
		{7F621DF8-7E16-4E7B-B2FE-710D6BF07B21}.Debug|ARM.ActiveCfg = Debug|ARM
		{7F621DF8-7E16-4E7B-B2FE-710D6BF07B21}.Debug|ARM.Build.0 = Debug|ARM
		{7F621DF8-7E16-4E7B-B2FE-710D6BF07B21}.Debug|ARM.Deploy.0 = Debug|ARM
		{7F621DF8-7E16-4E7B-B2FE-710D6BF07B21}.Debug|ARM64.ActiveCfg = Debug|ARM64
		{7F621DF8-7E16-4E7B-B2FE-710D6BF07B21}.Debug|ARM64.Build.0 = Debug|ARM64
		{7F621DF8-7E16-4E7B-B2FE-710D6BF07B21}.Debug|ARM64.Deploy.0 = Debug|ARM64
		{7F621DF8-7E16-4E7B-B2FE-710D6BF07B21}.Debug|x64.ActiveCfg = Debug|x86
		{7F621DF8-7E16-4E7B-B2FE-710D6BF07B21}.Debug|x64.Build.0 = Debug|x86
		{7F621DF8-7E16-4E7B-B2FE-710D6BF07B21}.Debug|x64.Deploy.0 = Debug|x86
		{7F621DF8-7E16-4E7B-B2FE-710D6BF07B21}.Debug|x86.ActiveCfg = Debug|x86
		{7F621DF8-7E16-4E7B-B2FE-710D6BF07B21}.Debug|x86.Build.0 = Debug|x86
		{7F621DF8-7E16-4E7B-B2FE-710D6BF07B21}.Debug|x86.Deploy.0 = Debug|x86
		{7F621DF8-7E16-4E7B-B2FE-710D6BF07B21}.Release|Any CPU.ActiveCfg = Release|Any CPU
		{7F621DF8-7E16-4E7B-B2FE-710D6BF07B21}.Release|Any CPU.Build.0 = Release|Any CPU
		{7F621DF8-7E16-4E7B-B2FE-710D6BF07B21}.Release|Any CPU.Deploy.0 = Release|Any CPU
		{7F621DF8-7E16-4E7B-B2FE-710D6BF07B21}.Release|ARM.ActiveCfg = Release|ARM
		{7F621DF8-7E16-4E7B-B2FE-710D6BF07B21}.Release|ARM.Build.0 = Release|ARM
		{7F621DF8-7E16-4E7B-B2FE-710D6BF07B21}.Release|ARM.Deploy.0 = Release|ARM
		{7F621DF8-7E16-4E7B-B2FE-710D6BF07B21}.Release|ARM64.ActiveCfg = Release|ARM64
		{7F621DF8-7E16-4E7B-B2FE-710D6BF07B21}.Release|ARM64.Build.0 = Release|ARM64
		{7F621DF8-7E16-4E7B-B2FE-710D6BF07B21}.Release|ARM64.Deploy.0 = Release|ARM64
		{7F621DF8-7E16-4E7B-B2FE-710D6BF07B21}.Release|x64.ActiveCfg = Release|x64
		{7F621DF8-7E16-4E7B-B2FE-710D6BF07B21}.Release|x64.Build.0 = Release|x64
		{7F621DF8-7E16-4E7B-B2FE-710D6BF07B21}.Release|x64.Deploy.0 = Release|x64
		{7F621DF8-7E16-4E7B-B2FE-710D6BF07B21}.Release|x86.ActiveCfg = Release|x86
		{7F621DF8-7E16-4E7B-B2FE-710D6BF07B21}.Release|x86.Build.0 = Release|x86
		{7F621DF8-7E16-4E7B-B2FE-710D6BF07B21}.Release|x86.Deploy.0 = Release|x86
		{ACD06DE6-29E8-4955-8620-5D5D7AF4F05F}.Debug|Any CPU.ActiveCfg = Debug|Any CPU
		{ACD06DE6-29E8-4955-8620-5D5D7AF4F05F}.Debug|Any CPU.Build.0 = Debug|Any CPU
		{ACD06DE6-29E8-4955-8620-5D5D7AF4F05F}.Debug|ARM.ActiveCfg = Debug|Any CPU
		{ACD06DE6-29E8-4955-8620-5D5D7AF4F05F}.Debug|ARM.Build.0 = Debug|Any CPU
		{ACD06DE6-29E8-4955-8620-5D5D7AF4F05F}.Debug|ARM64.ActiveCfg = Debug|Any CPU
		{ACD06DE6-29E8-4955-8620-5D5D7AF4F05F}.Debug|ARM64.Build.0 = Debug|Any CPU
		{ACD06DE6-29E8-4955-8620-5D5D7AF4F05F}.Debug|x64.ActiveCfg = Debug|Any CPU
		{ACD06DE6-29E8-4955-8620-5D5D7AF4F05F}.Debug|x64.Build.0 = Debug|Any CPU
		{ACD06DE6-29E8-4955-8620-5D5D7AF4F05F}.Debug|x86.ActiveCfg = Debug|Any CPU
		{ACD06DE6-29E8-4955-8620-5D5D7AF4F05F}.Debug|x86.Build.0 = Debug|Any CPU
		{ACD06DE6-29E8-4955-8620-5D5D7AF4F05F}.Release|Any CPU.ActiveCfg = Release|Any CPU
		{ACD06DE6-29E8-4955-8620-5D5D7AF4F05F}.Release|Any CPU.Build.0 = Release|Any CPU
		{ACD06DE6-29E8-4955-8620-5D5D7AF4F05F}.Release|ARM.ActiveCfg = Release|Any CPU
		{ACD06DE6-29E8-4955-8620-5D5D7AF4F05F}.Release|ARM.Build.0 = Release|Any CPU
		{ACD06DE6-29E8-4955-8620-5D5D7AF4F05F}.Release|ARM64.ActiveCfg = Release|Any CPU
		{ACD06DE6-29E8-4955-8620-5D5D7AF4F05F}.Release|ARM64.Build.0 = Release|Any CPU
		{ACD06DE6-29E8-4955-8620-5D5D7AF4F05F}.Release|x64.ActiveCfg = Release|Any CPU
		{ACD06DE6-29E8-4955-8620-5D5D7AF4F05F}.Release|x64.Build.0 = Release|Any CPU
		{ACD06DE6-29E8-4955-8620-5D5D7AF4F05F}.Release|x86.ActiveCfg = Release|Any CPU
		{ACD06DE6-29E8-4955-8620-5D5D7AF4F05F}.Release|x86.Build.0 = Release|Any CPU
	EndGlobalSection
	GlobalSection(SolutionProperties) = preSolution
		HideSolutionNode = FALSE
	EndGlobalSection
	GlobalSection(ExtensibilityGlobals) = postSolution
		SolutionGuid = {ED947B09-5FB9-4418-81A8-F38429C63D59}
	EndGlobalSection
EndGlobal
